
Microsoft Visual Studio Solution File, Format Version 12.00
# Visual Studio 15
VisualStudioVersion = 15.0.28010.2003
MinimumVisualStudioVersion = 10.0.40219.1
Project("{F184B08F-C81C-45F6-A57F-5ABD9991F28F}") = "CreateDigitalSign", "CreateDigitalSign\CreateDigitalSign.vbproj", "{9531D41D-CEA6-4F3A-BF18-65612240170C}"
EndProject
Global
	GlobalSection(SolutionConfigurationPlatforms) = preSolution
		Debug|Any CPU = Debug|Any CPU
		Release|Any CPU = Release|Any CPU
	EndGlobalSection
	GlobalSection(ProjectConfigurationPlatforms) = postSolution
		{9531D41D-CEA6-4F3A-BF18-65612240170C}.Debug|Any CPU.ActiveCfg = Debug|Any CPU
		{9531D41D-CEA6-4F3A-BF18-65612240170C}.Debug|Any CPU.Build.0 = Debug|Any CPU
		{9531D41D-CEA6-4F3A-BF18-65612240170C}.Release|Any CPU.ActiveCfg = Release|Any CPU
		{9531D41D-CEA6-4F3A-BF18-65612240170C}.Release|Any CPU.Build.0 = Release|Any CPU
	EndGlobalSection
	GlobalSection(SolutionProperties) = preSolution
		HideSolutionNode = FALSE
	EndGlobalSection
	GlobalSection(ExtensibilityGlobals) = postSolution
		SolutionGuid = {85D20908-3604-4865-96AC-A6FF3DB59D4B}
	EndGlobalSection
EndGlobal
